
Microsoft Visual Studio Solution File, Format Version 12.00
# Visual Studio Version 16
VisualStudioVersion = 16.0.32228.343
MinimumVisualStudioVersion = 10.0.40219.1
Project("{FAE04EC0-301F-11D3-BF4B-00C04F79EFBC}") = "Учебка2", "Учебка2.csproj", "{8512484D-F3CE-41E1-8A9D-58F4FEB00815}"
EndProject
Global
	GlobalSection(SolutionConfigurationPlatforms) = preSolution
		Debug|Any CPU = Debug|Any CPU
		Release|Any CPU = Release|Any CPU
	EndGlobalSection
	GlobalSection(ProjectConfigurationPlatforms) = postSolution
		{8512484D-F3CE-41E1-8A9D-58F4FEB00815}.Debug|Any CPU.ActiveCfg = Debug|Any CPU
		{8512484D-F3CE-41E1-8A9D-58F4FEB00815}.Debug|Any CPU.Build.0 = Debug|Any CPU
		{8512484D-F3CE-41E1-8A9D-58F4FEB00815}.Release|Any CPU.ActiveCfg = Release|Any CPU
		{8512484D-F3CE-41E1-8A9D-58F4FEB00815}.Release|Any CPU.Build.0 = Release|Any CPU
	EndGlobalSection
	GlobalSection(SolutionProperties) = preSolution
		HideSolutionNode = FALSE
	EndGlobalSection
	GlobalSection(ExtensibilityGlobals) = postSolution
		SolutionGuid = {90C6AFBA-30B8-440A-ACE1-300518263F36}
	EndGlobalSection
EndGlobal
